
Microsoft Visual Studio Solution File, Format Version 12.00
# Visual Studio 15
VisualStudioVersion = 15.0.27703.2000
MinimumVisualStudioVersion = 10.0.40219.1
Project("{FAE04EC0-301F-11D3-BF4B-00C04F79EFBC}") = "SimpleLinearRegression", "SimpleLinearRegression.csproj", "{2BDF4DDC-B079-48A7-9DCC-0AB3CA8FCFB2}"
EndProject
Global
	GlobalSection(SolutionConfigurationPlatforms) = preSolution
		Debug|Any CPU = Debug|Any CPU
		Release|Any CPU = Release|Any CPU
	EndGlobalSection
	GlobalSection(ProjectConfigurationPlatforms) = postSolution
		{2BDF4DDC-B079-48A7-9DCC-0AB3CA8FCFB2}.Debug|Any CPU.ActiveCfg = Debug|Any CPU
		{2BDF4DDC-B079-48A7-9DCC-0AB3CA8FCFB2}.Debug|Any CPU.Build.0 = Debug|Any CPU
		{2BDF4DDC-B079-48A7-9DCC-0AB3CA8FCFB2}.Release|Any CPU.ActiveCfg = Release|Any CPU
		{2BDF4DDC-B079-48A7-9DCC-0AB3CA8FCFB2}.Release|Any CPU.Build.0 = Release|Any CPU
	EndGlobalSection
	GlobalSection(SolutionProperties) = preSolution
		HideSolutionNode = FALSE
	EndGlobalSection
	GlobalSection(ExtensibilityGlobals) = postSolution
		SolutionGuid = {3BED2C25-D4D6-4620-879B-C059AA726B80}
	EndGlobalSection
EndGlobal
